# THIS IS AN AUTOGENERATED FILE. DO NOT EDIT THIS FILE DIRECTLY.
# yarn lockfile v1


webwebweb@^1.4.0:
  version "1.6.0"
  resolved "https://registry.yarnpkg.com/webwebweb/-/webwebweb-1.6.0.tgz#c91b8a42fee99be6f1f01642d975906674508bfe"
  integrity sha512-MNvrELaxgjAEo0I6rE7e469cTgUc565cD91/fECKtmu/oX99aay6iTGG8nQJveJa4cRDPc0h9isTpDqYaK4KSw==
